{
  "name": "labb1_webb",
  "lockfileVersion": 3,
  "requires": true,
  "packages": {
    "": {
      "devDependencies": {
        "@types/jquery": "^3.5.18"
      }
    },
    "node_modules/@types/jquery": {
      "version": "3.5.18",
      "resolved": "https://registry.npmjs.org/@types/jquery/-/jquery-3.5.18.tgz",
      "integrity": "sha512-sNm7O6LECFhHmF+3KYo6QIl2fIbjlPYa0PDgDQwfOaEJzwpK20Eub9Ke7VKkGsSJ2K0HUR50S266qYzRX4GlSw==",
      "dev": true,
      "dependencies": {
        "@types/sizzle": "*"
      }
    },
    "node_modules/@types/sizzle": {
      "version": "2.3.3",
      "resolved": "https://registry.npmjs.org/@types/sizzle/-/sizzle-2.3.3.tgz",
      "integrity": "sha512-JYM8x9EGF163bEyhdJBpR2QX1R5naCJHC8ucJylJ3w9/CVBaskdQ8WqBf8MmQrd1kRvp/a4TS8HJ+bxzR7ZJYQ==",
      "dev": true
    }
  }
}
